
Microsoft Visual Studio Solution File, Format Version 12.00
# Visual Studio 15
Project("{FAE04EC0-301F-11D3-BF4B-00C04F79EFBC}") = "Assembly-CSharp", "Assembly-CSharp.csproj", "{EA64A75A-55D7-A58E-2C9B-38C30C73CB51}"
EndProject
Project("{FAE04EC0-301F-11D3-BF4B-00C04F79EFBC}") = "Assembly-CSharp-firstpass", "Assembly-CSharp-firstpass.csproj", "{FAF22BF4-8CA9-109B-C994-A3676C5C1376}"
EndProject
Project("{FAE04EC0-301F-11D3-BF4B-00C04F79EFBC}") = "Assembly-CSharp-Editor-firstpass", "Assembly-CSharp-Editor-firstpass.csproj", "{79472EF0-BC9C-8653-88FD-0DF5404BC5C7}"
EndProject
Global
	GlobalSection(SolutionConfigurationPlatforms) = preSolution
		Debug|Any CPU = Debug|Any CPU
		Release|Any CPU = Release|Any CPU
	EndGlobalSection
	GlobalSection(ProjectConfigurationPlatforms) = postSolution
		{EA64A75A-55D7-A58E-2C9B-38C30C73CB51}.Debug|Any CPU.ActiveCfg = Debug|Any CPU
		{EA64A75A-55D7-A58E-2C9B-38C30C73CB51}.Debug|Any CPU.Build.0 = Debug|Any CPU
		{EA64A75A-55D7-A58E-2C9B-38C30C73CB51}.Release|Any CPU.ActiveCfg = Release|Any CPU
		{EA64A75A-55D7-A58E-2C9B-38C30C73CB51}.Release|Any CPU.Build.0 = Release|Any CPU
		{FAF22BF4-8CA9-109B-C994-A3676C5C1376}.Debug|Any CPU.ActiveCfg = Debug|Any CPU
		{FAF22BF4-8CA9-109B-C994-A3676C5C1376}.Debug|Any CPU.Build.0 = Debug|Any CPU
		{FAF22BF4-8CA9-109B-C994-A3676C5C1376}.Release|Any CPU.ActiveCfg = Release|Any CPU
		{FAF22BF4-8CA9-109B-C994-A3676C5C1376}.Release|Any CPU.Build.0 = Release|Any CPU
		{79472EF0-BC9C-8653-88FD-0DF5404BC5C7}.Debug|Any CPU.ActiveCfg = Debug|Any CPU
		{79472EF0-BC9C-8653-88FD-0DF5404BC5C7}.Debug|Any CPU.Build.0 = Debug|Any CPU
		{79472EF0-BC9C-8653-88FD-0DF5404BC5C7}.Release|Any CPU.ActiveCfg = Release|Any CPU
		{79472EF0-BC9C-8653-88FD-0DF5404BC5C7}.Release|Any CPU.Build.0 = Release|Any CPU
	EndGlobalSection
	GlobalSection(SolutionProperties) = preSolution
		HideSolutionNode = FALSE
	EndGlobalSection
EndGlobal
